
Microsoft Visual Studio Solution File, Format Version 12.00
# Visual Studio 14
VisualStudioVersion = 14.0.24720.0
MinimumVisualStudioVersion = 10.0.40219.1
Project("{FAE04EC0-301F-11D3-BF4B-00C04F79EFBC}") = "RTBid", "RTBid\RTBid.csproj", "{DE23B8EC-48CD-407B-BFCF-4CDA63087F51}"
EndProject
Project("{FAE04EC0-301F-11D3-BF4B-00C04F79EFBC}") = "RTBid.Core", "RTBid.Core\RTBid.Core.csproj", "{0ABDF6A6-7757-4D7F-9902-358BC3F51FF4}"
EndProject
Project("{FAE04EC0-301F-11D3-BF4B-00C04F79EFBC}") = "RTBid.Data", "RTBid.Data\RTBid.Data.csproj", "{E51AC6A9-127B-43AC-BFFC-CD74F3E00BAE}"
EndProject
Project("{E24C65DC-7377-472B-9ABA-BC803B73C61A}") = "RTBid.Web", "..\RTBid.Web\", "{7B71454D-D795-468B-AC9A-889E3B161E2F}"
	ProjectSection(WebsiteProperties) = preProject
		TargetFrameworkMoniker = ".NETFramework,Version%3Dv4.5.2"
		Debug.AspNetCompiler.VirtualPath = "/localhost_50313"
		Debug.AspNetCompiler.PhysicalPath = "..\RTBid.Web\"
		Debug.AspNetCompiler.TargetPath = "PrecompiledWeb\localhost_50313\"
		Debug.AspNetCompiler.Updateable = "true"
		Debug.AspNetCompiler.ForceOverwrite = "true"
		Debug.AspNetCompiler.FixedNames = "false"
		Debug.AspNetCompiler.Debug = "True"
		Release.AspNetCompiler.VirtualPath = "/localhost_50313"
		Release.AspNetCompiler.PhysicalPath = "..\RTBid.Web\"
		Release.AspNetCompiler.TargetPath = "PrecompiledWeb\localhost_50313\"
		Release.AspNetCompiler.Updateable = "true"
		Release.AspNetCompiler.ForceOverwrite = "true"
		Release.AspNetCompiler.FixedNames = "false"
		Release.AspNetCompiler.Debug = "False"
		VWDPort = "50313"
		SlnRelativePath = "..\RTBid.Web\"
		DefaultWebSiteLanguage = "Visual C#"
	EndProjectSection
EndProject
Project("{E24C65DC-7377-472B-9ABA-BC803B73C61A}") = "RTBidAdmin.Web", "..\RTBidAdmin.Web\", "{8E6F4ECC-5805-49FB-8891-2D6DE932BA59}"
	ProjectSection(WebsiteProperties) = preProject
		TargetFrameworkMoniker = ".NETFramework,Version%3Dv4.5.2"
		Debug.AspNetCompiler.VirtualPath = "/localhost_50295"
		Debug.AspNetCompiler.PhysicalPath = "..\RTBidAdmin.Web\"
		Debug.AspNetCompiler.TargetPath = "PrecompiledWeb\localhost_50295\"
		Debug.AspNetCompiler.Updateable = "true"
		Debug.AspNetCompiler.ForceOverwrite = "true"
		Debug.AspNetCompiler.FixedNames = "false"
		Debug.AspNetCompiler.Debug = "True"
		Release.AspNetCompiler.VirtualPath = "/localhost_50295"
		Release.AspNetCompiler.PhysicalPath = "..\RTBidAdmin.Web\"
		Release.AspNetCompiler.TargetPath = "PrecompiledWeb\localhost_50295\"
		Release.AspNetCompiler.Updateable = "true"
		Release.AspNetCompiler.ForceOverwrite = "true"
		Release.AspNetCompiler.FixedNames = "false"
		Release.AspNetCompiler.Debug = "False"
		VWDPort = "50295"
		SlnRelativePath = "..\RTBidAdmin.Web\"
		DefaultWebSiteLanguage = "Visual C#"
	EndProjectSection
EndProject
Project("{FAE04EC0-301F-11D3-BF4B-00C04F79EFBC}") = "RTBid.Watchdog", "RTBid.Watchdog\RTBid.Watchdog.csproj", "{1227BDA0-541C-401E-86C0-9740A5A7AD77}"
EndProject
Global
	GlobalSection(SolutionConfigurationPlatforms) = preSolution
		Debug|Any CPU = Debug|Any CPU
		Release|Any CPU = Release|Any CPU
	EndGlobalSection
	GlobalSection(ProjectConfigurationPlatforms) = postSolution
		{DE23B8EC-48CD-407B-BFCF-4CDA63087F51}.Debug|Any CPU.ActiveCfg = Debug|Any CPU
		{DE23B8EC-48CD-407B-BFCF-4CDA63087F51}.Debug|Any CPU.Build.0 = Debug|Any CPU
		{DE23B8EC-48CD-407B-BFCF-4CDA63087F51}.Release|Any CPU.ActiveCfg = Release|Any CPU
		{DE23B8EC-48CD-407B-BFCF-4CDA63087F51}.Release|Any CPU.Build.0 = Release|Any CPU
		{0ABDF6A6-7757-4D7F-9902-358BC3F51FF4}.Debug|Any CPU.ActiveCfg = Debug|Any CPU
		{0ABDF6A6-7757-4D7F-9902-358BC3F51FF4}.Debug|Any CPU.Build.0 = Debug|Any CPU
		{0ABDF6A6-7757-4D7F-9902-358BC3F51FF4}.Release|Any CPU.ActiveCfg = Release|Any CPU
		{0ABDF6A6-7757-4D7F-9902-358BC3F51FF4}.Release|Any CPU.Build.0 = Release|Any CPU
		{E51AC6A9-127B-43AC-BFFC-CD74F3E00BAE}.Debug|Any CPU.ActiveCfg = Debug|Any CPU
		{E51AC6A9-127B-43AC-BFFC-CD74F3E00BAE}.Debug|Any CPU.Build.0 = Debug|Any CPU
		{E51AC6A9-127B-43AC-BFFC-CD74F3E00BAE}.Release|Any CPU.ActiveCfg = Release|Any CPU
		{E51AC6A9-127B-43AC-BFFC-CD74F3E00BAE}.Release|Any CPU.Build.0 = Release|Any CPU
		{7B71454D-D795-468B-AC9A-889E3B161E2F}.Debug|Any CPU.ActiveCfg = Debug|Any CPU
		{7B71454D-D795-468B-AC9A-889E3B161E2F}.Debug|Any CPU.Build.0 = Debug|Any CPU
		{7B71454D-D795-468B-AC9A-889E3B161E2F}.Release|Any CPU.ActiveCfg = Debug|Any CPU
		{7B71454D-D795-468B-AC9A-889E3B161E2F}.Release|Any CPU.Build.0 = Debug|Any CPU
		{8E6F4ECC-5805-49FB-8891-2D6DE932BA59}.Debug|Any CPU.ActiveCfg = Debug|Any CPU
		{8E6F4ECC-5805-49FB-8891-2D6DE932BA59}.Debug|Any CPU.Build.0 = Debug|Any CPU
		{8E6F4ECC-5805-49FB-8891-2D6DE932BA59}.Release|Any CPU.ActiveCfg = Debug|Any CPU
		{8E6F4ECC-5805-49FB-8891-2D6DE932BA59}.Release|Any CPU.Build.0 = Debug|Any CPU
		{1227BDA0-541C-401E-86C0-9740A5A7AD77}.Debug|Any CPU.ActiveCfg = Debug|Any CPU
		{1227BDA0-541C-401E-86C0-9740A5A7AD77}.Debug|Any CPU.Build.0 = Debug|Any CPU
		{1227BDA0-541C-401E-86C0-9740A5A7AD77}.Release|Any CPU.ActiveCfg = Release|Any CPU
		{1227BDA0-541C-401E-86C0-9740A5A7AD77}.Release|Any CPU.Build.0 = Release|Any CPU
	EndGlobalSection
	GlobalSection(SolutionProperties) = preSolution
		HideSolutionNode = FALSE
	EndGlobalSection
EndGlobal
